
Microsoft Visual Studio Solution File, Format Version 12.00
# Visual Studio Version 16
VisualStudioVersion = 16.0.29709.97
MinimumVisualStudioVersion = 10.0.40219.1
Project("{FAE04EC0-301F-11D3-BF4B-00C04F79EFBC}") = "NISM_Project", "NISM_Project.csproj", "{055A1F7D-10C8-42EE-A446-8B6E95D876FF}"
EndProject
Global
	GlobalSection(SolutionConfigurationPlatforms) = preSolution
		Debug|Any CPU = Debug|Any CPU
		Release|Any CPU = Release|Any CPU
	EndGlobalSection
	GlobalSection(ProjectConfigurationPlatforms) = postSolution
		{055A1F7D-10C8-42EE-A446-8B6E95D876FF}.Debug|Any CPU.ActiveCfg = Debug|Any CPU
		{055A1F7D-10C8-42EE-A446-8B6E95D876FF}.Debug|Any CPU.Build.0 = Debug|Any CPU
		{055A1F7D-10C8-42EE-A446-8B6E95D876FF}.Release|Any CPU.ActiveCfg = Release|Any CPU
		{055A1F7D-10C8-42EE-A446-8B6E95D876FF}.Release|Any CPU.Build.0 = Release|Any CPU
	EndGlobalSection
	GlobalSection(SolutionProperties) = preSolution
		HideSolutionNode = FALSE
	EndGlobalSection
	GlobalSection(ExtensibilityGlobals) = postSolution
		SolutionGuid = {4DF91E04-347A-4400-A704-9759688F6401}
	EndGlobalSection
EndGlobal
